# THIS IS AN AUTOGENERATED FILE. DO NOT EDIT THIS FILE DIRECTLY.
# yarn lockfile v1


graphql-ws@^5.11.2:
  version "5.11.2"
  resolved "https://registry.yarnpkg.com/graphql-ws/-/graphql-ws-5.11.2.tgz#d5e0acae8b4d4a4cf7be410a24135cfcefd7ddc0"
  integrity sha512-4EiZ3/UXYcjm+xFGP544/yW1+DVI8ZpKASFbzrV5EDTFWJp0ZvLl4Dy2fSZAzz9imKp5pZMIcjB0x/H69Pv/6w==

graphql@^16.6.0:
  version "16.6.0"
  resolved "https://registry.yarnpkg.com/graphql/-/graphql-16.6.0.tgz#c2dcffa4649db149f6282af726c8c83f1c7c5fdb"
  integrity sha512-KPIBPDlW7NxrbT/eh4qPXz5FiFdL5UbaA0XUNz2Rp3Z3hqBSkbj0GVjwFDztsWVauZUWsbKHgMg++sk8UX0bkw==
